{
  "name": "flash-android-devices-guidelines",
  "version": "1.0.0",
  "lockfileVersion": 3,
  "requires": true,
  "packages": {
    "": {
      "name": "flash-android-devices-guidelines",
      "version": "1.0.0",
      "license": "MIT",
      "dependencies": {
        "medium-zoom": "^1.0.8"
      },
      "devDependencies": {
        "@types/node": "^20.8.7",
        "sass": "^1.69.4",
        "vitepress": "1.0.0-rc.22"
      }
    },
    "node_modules/@algolia/autocomplete-core": {
      "version": "1.9.3",
      "resolved": "https://registry.npmmirror.com/@algolia/autocomplete-core/-/autocomplete-core-1.9.3.tgz",
      "integrity": "sha512-009HdfugtGCdC4JdXUbVJClA0q0zh24yyePn+KUGk3rP7j8FEe/m5Yo/z65gn6nP/cM39PxpzqKrL7A6fP6PPw==",
      "dev": true,
      "license": "MIT",
      "dependencies": {
        "@algolia/autocomplete-plugin-algolia-insights": "1.9.3",
        "@algolia/autocomplete-shared": "1.9.3"
      }
    },
    "node_modules/@algolia/autocomplete-plugin-algolia-insights": {
      "version": "1.9.3",
      "resolved": "https://registry.npmmirror.com/@algolia/autocomplete-plugin-algolia-insights/-/autocomplete-plugin-algolia-insights-1.9.3.tgz",
      "integrity": "sha512-a/yTUkcO/Vyy+JffmAnTWbr4/90cLzw+CC3bRbhnULr/EM0fGNvM13oQQ14f2moLMcVDyAx/leczLlAOovhSZg==",
      "dev": true,
      "license": "MIT",
      "dependencies": {
        "@algolia/autocomplete-shared": "1.9.3"
      },
      "peerDependencies": {
        "search-insights": ">= 1 < 3"
      }
    },
    "node_modules/@algolia/autocomplete-preset-algolia": {
      "version": "1.9.3",
      "resolved": "https://registry.npmmirror.com/@algolia/autocomplete-preset-algolia/-/autocomplete-preset-algolia-1.9.3.tgz",
      "integrity": "sha512-d4qlt6YmrLMYy95n5TB52wtNDr6EgAIPH81dvvvW8UmuWRgxEtY0NJiPwl/h95JtG2vmRM804M0DSwMCNZlzRA==",
      "dev": true,
      "license": "MIT",
      "dependencies": {
        "@algolia/autocomplete-shared": "1.9.3"
      },
      "peerDependencies": {
        "@algolia/client-search": ">= 4.9.1 < 6",
        "algoliasearch": ">= 4.9.1 < 6"
      }
    },
    "node_modules/@algolia/autocomplete-shared": {
      "version": "1.9.3",
      "resolved": "https://registry.npmmirror.com/@algolia/autocomplete-shared/-/autocomplete-shared-1.9.3.tgz",
      "integrity": "sha512-Wnm9E4Ye6Rl6sTTqjoymD+l8DjSTHsHboVRYrKgEt8Q7UHm9nYbqhN/i0fhUYA3OAEH7WA8x3jfpnmJm3rKvaQ==",
      "dev": true,
      "license": "MIT",
      "peerDependencies": {
        "@algolia/client-search": ">= 4.9.1 < 6",
        "algoliasearch": ">= 4.9.1 < 6"
      }
    },
    "node_modules/@algolia/cache-browser-local-storage": {
      "version": "4.20.0",
      "resolved": "https://registry.npmmirror.com/@algolia/cache-browser-local-storage/-/cache-browser-local-storage-4.20.0.tgz",
      "integrity": "sha512-uujahcBt4DxduBTvYdwO3sBfHuJvJokiC3BP1+O70fglmE1ShkH8lpXqZBac1rrU3FnNYSUs4pL9lBdTKeRPOQ==",
      "dev": true,
      "license": "MIT",
      "dependencies": {
        "@algolia/cache-common": "4.20.0"
      }
    },
    "node_modules/@algolia/cache-common": {
      "version": "4.20.0",
      "resolved": "https://registry.npmmirror.com/@algolia/cache-common/-/cache-common-4.20.0.tgz",
      "integrity": "sha512-vCfxauaZutL3NImzB2G9LjLt36vKAckc6DhMp05An14kVo8F1Yofb6SIl6U3SaEz8pG2QOB9ptwM5c+zGevwIQ==",
      "dev": true,
      "license": "MIT"
    },
    "node_modules/@algolia/cache-in-memory": {
      "version": "4.20.0",
      "resolved": "https://registry.npmmirror.com/@algolia/cache-in-memory/-/cache-in-memory-4.20.0.tgz",
      "integrity": "sha512-Wm9ak/IaacAZXS4mB3+qF/KCoVSBV6aLgIGFEtQtJwjv64g4ePMapORGmCyulCFwfePaRAtcaTbMcJF+voc/bg==",
      "dev": true,
      "license": "MIT",
      "dependencies": {
        "@algolia/cache-common": "4.20.0"
      }
    },
    "node_modules/@algolia/client-account": {
      "version": "4.20.0",
      "resolved": "https://registry.npmmirror.com/@algolia/client-account/-/client-account-4.20.0.tgz",
      "integrity": "sha512-GGToLQvrwo7am4zVkZTnKa72pheQeez/16sURDWm7Seyz+HUxKi3BM6fthVVPUEBhtJ0reyVtuK9ArmnaKl10Q==",
      "dev": true,
      "license": "MIT",
      "dependencies": {
        "@algolia/client-common": "4.20.0",
        "@algolia/client-search": "4.20.0",
        "@algolia/transporter": "4.20.0"
      }
    },
    "node_modules/@algolia/client-analytics": {
      "version": "4.20.0",
      "resolved": "https://registry.npmmirror.com/@algolia/client-analytics/-/client-analytics-4.20.0.tgz",
      "integrity": "sha512-EIr+PdFMOallRdBTHHdKI3CstslgLORQG7844Mq84ib5oVFRVASuuPmG4bXBgiDbcsMLUeOC6zRVJhv1KWI0ug==",
      "dev": true,
      "license": "MIT",
      "dependencies": {
        "@algolia/client-common": "4.20.0",
        "@algolia/client-search": "4.20.0",
        "@algolia/requester-common": "4.20.0",
        "@algolia/transporter": "4.20.0"
      }
    },
    "node_modules/@algolia/client-common": {
      "version": "4.20.0",
      "resolved": "https://registry.npmmirror.com/@algolia/client-common/-/client-common-4.20.0.tgz",
      "integrity": "sha512-P3WgMdEss915p+knMMSd/fwiHRHKvDu4DYRrCRaBrsfFw7EQHon+EbRSm4QisS9NYdxbS04kcvNoavVGthyfqQ==",
      "dev": true,
      "license": "MIT",
      "dependencies": {
        "@algolia/requester-common": "4.20.0",
        "@algolia/transporter": "4.20.0"
      }
    },
    "node_modules/@algolia/client-personalization": {
      "version": "4.20.0",
      "resolved": "https://registry.npmmirror.com/@algolia/client-personalization/-/client-personalization-4.20.0.tgz",
      "integrity": "sha512-N9+zx0tWOQsLc3K4PVRDV8GUeOLAY0i445En79Pr3zWB+m67V+n/8w4Kw1C5LlbHDDJcyhMMIlqezh6BEk7xAQ==",
      "dev": true,
      "license": "MIT",
      "dependencies": {
        "@algolia/client-common": "4.20.0",
        "@algolia/requester-common": "4.20.0",
        "@algolia/transporter": "4.20.0"
      }
    },
    "node_modules/@algolia/client-search": {
      "version": "4.20.0",
      "resolved": "https://registry.npmmirror.com/@algolia/client-search/-/client-search-4.20.0.tgz",
      "integrity": "sha512-zgwqnMvhWLdpzKTpd3sGmMlr4c+iS7eyyLGiaO51zDZWGMkpgoNVmltkzdBwxOVXz0RsFMznIxB9zuarUv4TZg==",
      "dev": true,
      "license": "MIT",
      "dependencies": {
        "@algolia/client-common": "4.20.0",
        "@algolia/requester-common": "4.20.0",
        "@algolia/transporter": "4.20.0"
      }
    },
    "node_modules/@algolia/logger-common": {
      "version": "4.20.0",
      "resolved": "https://registry.npmmirror.com/@algolia/logger-common/-/logger-common-4.20.0.tgz",
      "integrity": "sha512-xouigCMB5WJYEwvoWW5XDv7Z9f0A8VoXJc3VKwlHJw/je+3p2RcDXfksLI4G4lIVncFUYMZx30tP/rsdlvvzHQ==",
      "dev": true,
      "license": "MIT"
    },
    "node_modules/@algolia/logger-console": {
      "version": "4.20.0",
      "resolved": "https://registry.npmmirror.com/@algolia/logger-console/-/logger-console-4.20.0.tgz",
      "integrity": "sha512-THlIGG1g/FS63z0StQqDhT6bprUczBI8wnLT3JWvfAQDZX5P6fCg7dG+pIrUBpDIHGszgkqYEqECaKKsdNKOUA==",
      "dev": true,
      "license": "MIT",
      "dependencies": {
        "@algolia/logger-common": "4.20.0"
      }
    },
    "node_modules/@algolia/requester-browser-xhr": {
      "version": "4.20.0",
      "resolved": "https://registry.npmmirror.com/@algolia/requester-browser-xhr/-/requester-browser-xhr-4.20.0.tgz",
      "integrity": "sha512-HbzoSjcjuUmYOkcHECkVTwAelmvTlgs48N6Owt4FnTOQdwn0b8pdht9eMgishvk8+F8bal354nhx/xOoTfwiAw==",
      "dev": true,
      "license": "MIT",
      "dependencies": {
        "@algolia/requester-common": "4.20.0"
      }
    },
    "node_modules/@algolia/requester-common": {
      "version": "4.20.0",
      "resolved": "https://registry.npmmirror.com/@algolia/requester-common/-/requester-common-4.20.0.tgz",
      "integrity": "sha512-9h6ye6RY/BkfmeJp7Z8gyyeMrmmWsMOCRBXQDs4mZKKsyVlfIVICpcSibbeYcuUdurLhIlrOUkH3rQEgZzonng==",
      "dev": true,
      "license": "MIT"
    },
    "node_modules/@algolia/requester-node-http": {
      "version": "4.20.0",
      "resolved": "https://registry.npmmirror.com/@algolia/requester-node-http/-/requester-node-http-4.20.0.tgz",
      "integrity": "sha512-ocJ66L60ABSSTRFnCHIEZpNHv6qTxsBwJEPfYaSBsLQodm0F9ptvalFkHMpvj5DfE22oZrcrLbOYM2bdPJRHng==",
      "dev": true,
      "license": "MIT",
      "dependencies": {
        "@algolia/requester-common": "4.20.0"
      }
    },
    "node_modules/@algolia/transporter": {
      "version": "4.20.0",
      "resolved": "https://registry.npmmirror.com/@algolia/transporter/-/transporter-4.20.0.tgz",
      "integrity": "sha512-Lsii1pGWOAISbzeyuf+r/GPhvHMPHSPrTDWNcIzOE1SG1inlJHICaVe2ikuoRjcpgxZNU54Jl+if15SUCsaTUg==",
      "dev": true,
      "license": "MIT",
      "dependencies": {
        "@algolia/cache-common": "4.20.0",
        "@algolia/logger-common": "4.20.0",
        "@algolia/requester-common": "4.20.0"
      }
    },
    "node_modules/@babel/parser": {
      "version": "7.22.10",
      "resolved": "https://registry.npmmirror.com/@babel/parser/-/parser-7.22.10.tgz",
      "integrity": "sha512-lNbdGsQb9ekfsnjFGhEiF4hfFqGgfOP3H3d27re3n+CGhNuTSUEQdfWk556sTLNTloczcdM5TYF2LhzmDQKyvQ==",
      "dev": true,
      "license": "MIT",
      "bin": {
        "parser": "bin/babel-parser.js"
      },
      "engines": {
        "node": ">=6.0.0"
      }
    },
    "node_modules/@docsearch/css": {
      "version": "3.5.2",
      "resolved": "https://registry.npmmirror.com/@docsearch/css/-/css-3.5.2.tgz",
      "integrity": "sha512-SPiDHaWKQZpwR2siD0KQUwlStvIAnEyK6tAE2h2Wuoq8ue9skzhlyVQ1ddzOxX6khULnAALDiR/isSF3bnuciA==",
      "dev": true,
      "license": "MIT"
    },
    "node_modules/@docsearch/js": {
      "version": "3.5.2",
      "resolved": "https://registry.npmmirror.com/@docsearch/js/-/js-3.5.2.tgz",
      "integrity": "sha512-p1YFTCDflk8ieHgFJYfmyHBki1D61+U9idwrLh+GQQMrBSP3DLGKpy0XUJtPjAOPltcVbqsTjiPFfH7JImjUNg==",
      "dev": true,
      "license": "MIT",
      "dependencies": {
        "@docsearch/react": "3.5.2",
        "preact": "^10.0.0"
      }
    },
    "node_modules/@docsearch/react": {
      "version": "3.5.2",
      "resolved": "https://registry.npmmirror.com/@docsearch/react/-/react-3.5.2.tgz",
      "integrity": "sha512-9Ahcrs5z2jq/DcAvYtvlqEBHImbm4YJI8M9y0x6Tqg598P40HTEkX7hsMcIuThI+hTFxRGZ9hll0Wygm2yEjng==",
      "dev": true,
      "license": "MIT",
      "dependencies": {
        "@algolia/autocomplete-core": "1.9.3",
        "@algolia/autocomplete-preset-algolia": "1.9.3",
        "@docsearch/css": "3.5.2",
        "algoliasearch": "^4.19.1"
      },
      "peerDependencies": {
        "@types/react": ">= 16.8.0 < 19.0.0",
        "react": ">= 16.8.0 < 19.0.0",
        "react-dom": ">= 16.8.0 < 19.0.0",
        "search-insights": ">= 1 < 3"
      },
      "peerDependenciesMeta": {
        "@types/react": {
          "optional": true
        },
        "react": {
          "optional": true
        },
        "react-dom": {
          "optional": true
        },
        "search-insights": {
          "optional": true
        }
      }
    },
    "node_modules/@esbuild/win32-x64": {
      "version": "0.18.20",
      "resolved": "https://registry.npmmirror.com/@esbuild/win32-x64/-/win32-x64-0.18.20.tgz",
      "integrity": "sha512-kTdfRcSiDfQca/y9QIkng02avJ+NCaQvrMejlsB3RRv5sE9rRoeBPISaZpKxHELzRxZyLvNts1P27W3wV+8geQ==",
      "cpu": [
        "x64"
      ],
      "dev": true,
      "license": "MIT",
      "optional": true,
      "os": [
        "win32"
      ],
      "engines": {
        "node": ">=12"
      }
    },
    "node_modules/@jridgewell/sourcemap-codec": {
      "version": "1.4.15",
      "resolved": "https://registry.npmmirror.com/@jridgewell/sourcemap-codec/-/sourcemap-codec-1.4.15.tgz",
      "integrity": "sha512-eF2rxCRulEKXHTRiDrDy6erMYWqNw4LPdQ8UQA4huuxaQsVeRPFl2oM8oDGxMFhJUWZf9McpLtJasDDZb/Bpeg==",
      "dev": true,
      "license": "MIT"
    },
    "node_modules/@types/linkify-it": {
      "version": "3.0.3",
      "resolved": "https://registry.npmmirror.com/@types/linkify-it/-/linkify-it-3.0.3.tgz",
      "integrity": "sha512-pTjcqY9E4nOI55Wgpz7eiI8+LzdYnw3qxXCfHyBDdPbYvbyLgWLJGh8EdPvqawwMK1Uo1794AUkkR38Fr0g+2g==",
      "dev": true,
      "license": "MIT"
    },
    "node_modules/@types/markdown-it": {
      "version": "13.0.4",
      "resolved": "https://registry.npmmirror.com/@types/markdown-it/-/markdown-it-13.0.4.tgz",
      "integrity": "sha512-FAIUdEXrCDnQmAAmJC+UeW/3p0eCI4QZ/+W0lX/h83VD3v78IgTFYftjnAeXS8H0g4PFQCgipc51cQDA8tjgLw==",
      "dev": true,
      "license": "MIT",
      "dependencies": {
        "@types/linkify-it": "*",
        "@types/mdurl": "*"
      }
    },
    "node_modules/@types/mdurl": {
      "version": "1.0.3",
      "resolved": "https://registry.npmmirror.com/@types/mdurl/-/mdurl-1.0.3.tgz",
      "integrity": "sha512-T5k6kTXak79gwmIOaDF2UUQXFbnBE0zBUzF20pz7wDYu0RQMzWg+Ml/Pz50214NsFHBITkoi5VtdjFZnJ2ijjA==",
      "dev": true,
      "license": "MIT"
    },
    "node_modules/@types/node": {
      "version": "20.8.7",
      "resolved": "https://registry.npmmirror.com/@types/node/-/node-20.8.7.tgz",
      "integrity": "sha512-21TKHHh3eUHIi2MloeptJWALuCu5H7HQTdTrWIFReA8ad+aggoX+lRes3ex7/FtpC+sVUpFMQ+QTfYr74mruiQ==",
      "dev": true,
      "dependencies": {
        "undici-types": "~5.25.1"
      }
    },
    "node_modules/@types/web-bluetooth": {
      "version": "0.0.18",
      "resolved": "https://registry.npmmirror.com/@types/web-bluetooth/-/web-bluetooth-0.0.18.tgz",
      "integrity": "sha512-v/ZHEj9xh82usl8LMR3GarzFY1IrbXJw5L4QfQhokjRV91q+SelFqxQWSep1ucXEZ22+dSTwLFkXeur25sPIbw==",
      "dev": true,
      "license": "MIT"
    },
    "node_modules/@vue/compiler-core": {
      "version": "3.3.4",
      "resolved": "https://registry.npmmirror.com/@vue/compiler-core/-/compiler-core-3.3.4.tgz",
      "integrity": "sha512-cquyDNvZ6jTbf/+x+AgM2Arrp6G4Dzbb0R64jiG804HRMfRiFXWI6kqUVqZ6ZR0bQhIoQjB4+2bhNtVwndW15g==",
      "dev": true,
      "license": "MIT",
      "dependencies": {
        "@babel/parser": "^7.21.3",
        "@vue/shared": "3.3.4",
        "estree-walker": "^2.0.2",
        "source-map-js": "^1.0.2"
      }
    },
    "node_modules/@vue/compiler-dom": {
      "version": "3.3.4",
      "resolved": "https://registry.npmmirror.com/@vue/compiler-dom/-/compiler-dom-3.3.4.tgz",
      "integrity": "sha512-wyM+OjOVpuUukIq6p5+nwHYtj9cFroz9cwkfmP9O1nzH68BenTTv0u7/ndggT8cIQlnBeOo6sUT/gvHcIkLA5w==",
      "dev": true,
      "license": "MIT",
      "dependencies": {
        "@vue/compiler-core": "3.3.4",
        "@vue/shared": "3.3.4"
      }
    },
    "node_modules/@vue/compiler-sfc": {
      "version": "3.3.4",
      "resolved": "https://registry.npmmirror.com/@vue/compiler-sfc/-/compiler-sfc-3.3.4.tgz",
      "integrity": "sha512-6y/d8uw+5TkCuzBkgLS0v3lSM3hJDntFEiUORM11pQ/hKvkhSKZrXW6i69UyXlJQisJxuUEJKAWEqWbWsLeNKQ==",
      "dev": true,
      "license": "MIT",
      "dependencies": {
        "@babel/parser": "^7.20.15",
        "@vue/compiler-core": "3.3.4",
        "@vue/compiler-dom": "3.3.4",
        "@vue/compiler-ssr": "3.3.4",
        "@vue/reactivity-transform": "3.3.4",
        "@vue/shared": "3.3.4",
        "estree-walker": "^2.0.2",
        "magic-string": "^0.30.0",
        "postcss": "^8.1.10",
        "source-map-js": "^1.0.2"
      }
    },
    "node_modules/@vue/compiler-ssr": {
      "version": "3.3.4",
      "resolved": "https://registry.npmmirror.com/@vue/compiler-ssr/-/compiler-ssr-3.3.4.tgz",
      "integrity": "sha512-m0v6oKpup2nMSehwA6Uuu+j+wEwcy7QmwMkVNVfrV9P2qE5KshC6RwOCq8fjGS/Eak/uNb8AaWekfiXxbBB6gQ==",
      "dev": true,
      "license": "MIT",
      "dependencies": {
        "@vue/compiler-dom": "3.3.4",
        "@vue/shared": "3.3.4"
      }
    },
    "node_modules/@vue/devtools-api": {
      "version": "6.5.1",
      "resolved": "https://registry.npmmirror.com/@vue/devtools-api/-/devtools-api-6.5.1.tgz",
      "integrity": "sha512-+KpckaAQyfbvshdDW5xQylLni1asvNSGme1JFs8I1+/H5pHEhqUKMEQD/qn3Nx5+/nycBq11qAEi8lk+LXI2dA==",
      "dev": true,
      "license": "MIT"
    },
    "node_modules/@vue/reactivity": {
      "version": "3.3.4",
      "resolved": "https://registry.npmmirror.com/@vue/reactivity/-/reactivity-3.3.4.tgz",
      "integrity": "sha512-kLTDLwd0B1jG08NBF3R5rqULtv/f8x3rOFByTDz4J53ttIQEDmALqKqXY0J+XQeN0aV2FBxY8nJDf88yvOPAqQ==",
      "dev": true,
      "license": "MIT",
      "dependencies": {
        "@vue/shared": "3.3.4"
      }
    },
    "node_modules/@vue/reactivity-transform": {
      "version": "3.3.4",
      "resolved": "https://registry.npmmirror.com/@vue/reactivity-transform/-/reactivity-transform-3.3.4.tgz",
      "integrity": "sha512-MXgwjako4nu5WFLAjpBnCj/ieqcjE2aJBINUNQzkZQfzIZA4xn+0fV1tIYBJvvva3N3OvKGofRLvQIwEQPpaXw==",
      "dev": true,
      "license": "MIT",
      "dependencies": {
        "@babel/parser": "^7.20.15",
        "@vue/compiler-core": "3.3.4",
        "@vue/shared": "3.3.4",
        "estree-walker": "^2.0.2",
        "magic-string": "^0.30.0"
      }
    },
    "node_modules/@vue/runtime-core": {
      "version": "3.3.4",
      "resolved": "https://registry.npmmirror.com/@vue/runtime-core/-/runtime-core-3.3.4.tgz",
      "integrity": "sha512-R+bqxMN6pWO7zGI4OMlmvePOdP2c93GsHFM/siJI7O2nxFRzj55pLwkpCedEY+bTMgp5miZ8CxfIZo3S+gFqvA==",
      "dev": true,
      "license": "MIT",
      "dependencies": {
        "@vue/reactivity": "3.3.4",
        "@vue/shared": "3.3.4"
      }
    },
    "node_modules/@vue/runtime-dom": {
      "version": "3.3.4",
      "resolved": "https://registry.npmmirror.com/@vue/runtime-dom/-/runtime-dom-3.3.4.tgz",
      "integrity": "sha512-Aj5bTJ3u5sFsUckRghsNjVTtxZQ1OyMWCr5dZRAPijF/0Vy4xEoRCwLyHXcj4D0UFbJ4lbx3gPTgg06K/GnPnQ==",
      "dev": true,
      "license": "MIT",
      "dependencies": {
        "@vue/runtime-core": "3.3.4",
        "@vue/shared": "3.3.4",
        "csstype": "^3.1.1"
      }
    },
    "node_modules/@vue/server-renderer": {
      "version": "3.3.4",
      "resolved": "https://registry.npmmirror.com/@vue/server-renderer/-/server-renderer-3.3.4.tgz",
      "integrity": "sha512-Q6jDDzR23ViIb67v+vM1Dqntu+HUexQcsWKhhQa4ARVzxOY2HbC7QRW/ggkDBd5BU+uM1sV6XOAP0b216o34JQ==",
      "dev": true,
      "license": "MIT",
      "dependencies": {
        "@vue/compiler-ssr": "3.3.4",
        "@vue/shared": "3.3.4"
      },
      "peerDependencies": {
        "vue": "3.3.4"
      }
    },
    "node_modules/@vue/shared": {
      "version": "3.3.4",
      "resolved": "https://registry.npmmirror.com/@vue/shared/-/shared-3.3.4.tgz",
      "integrity": "sha512-7OjdcV8vQ74eiz1TZLzZP4JwqM5fA94K6yntPS5Z25r9HDuGNzaGdgvwKYq6S+MxwF0TFRwe50fIR/MYnakdkQ==",
      "dev": true,
      "license": "MIT"
    },
    "node_modules/@vueuse/core": {
      "version": "10.5.0",
      "resolved": "https://registry.npmmirror.com/@vueuse/core/-/core-10.5.0.tgz",
      "integrity": "sha512-z/tI2eSvxwLRjOhDm0h/SXAjNm8N5ld6/SC/JQs6o6kpJ6Ya50LnEL8g5hoYu005i28L0zqB5L5yAl8Jl26K3A==",
      "dev": true,
      "license": "MIT",
      "dependencies": {
        "@types/web-bluetooth": "^0.0.18",
        "@vueuse/metadata": "10.5.0",
        "@vueuse/shared": "10.5.0",
        "vue-demi": ">=0.14.6"
      },
      "funding": {
        "url": "https://github.com/sponsors/antfu"
      }
    },
    "node_modules/@vueuse/integrations": {
      "version": "10.5.0",
      "resolved": "https://registry.npmmirror.com/@vueuse/integrations/-/integrations-10.5.0.tgz",
      "integrity": "sha512-fm5sXLCK0Ww3rRnzqnCQRmfjDURaI4xMsx+T+cec0ngQqHx/JgUtm8G0vRjwtonIeTBsH1Q8L3SucE+7K7upJQ==",
      "dev": true,
      "license": "MIT",
      "dependencies": {
        "@vueuse/core": "10.5.0",
        "@vueuse/shared": "10.5.0",
        "vue-demi": ">=0.14.6"
      },
      "funding": {
        "url": "https://github.com/sponsors/antfu"
      },
      "peerDependencies": {
        "async-validator": "*",
        "axios": "*",
        "change-case": "*",
        "drauu": "*",
        "focus-trap": "*",
        "fuse.js": "*",
        "idb-keyval": "*",
        "jwt-decode": "*",
        "nprogress": "*",
        "qrcode": "*",
        "sortablejs": "*",
        "universal-cookie": "*"
      },
      "peerDependenciesMeta": {
        "async-validator": {
          "optional": true
        },
        "axios": {
          "optional": true
        },
        "change-case": {
          "optional": true
        },
        "drauu": {
          "optional": true
        },
        "focus-trap": {
          "optional": true
        },
        "fuse.js": {
          "optional": true
        },
        "idb-keyval": {
          "optional": true
        },
        "jwt-decode": {
          "optional": true
        },
        "nprogress": {
          "optional": true
        },
        "qrcode": {
          "optional": true
        },
        "sortablejs": {
          "optional": true
        },
        "universal-cookie": {
          "optional": true
        }
      }
    },
    "node_modules/@vueuse/metadata": {
      "version": "10.5.0",
      "resolved": "https://registry.npmmirror.com/@vueuse/metadata/-/metadata-10.5.0.tgz",
      "integrity": "sha512-fEbElR+MaIYyCkeM0SzWkdoMtOpIwO72x8WsZHRE7IggiOlILttqttM69AS13nrDxosnDBYdyy3C5mR1LCxHsw==",
      "dev": true,
      "license": "MIT",
      "funding": {
        "url": "https://github.com/sponsors/antfu"
      }
    },
    "node_modules/@vueuse/shared": {
      "version": "10.5.0",
      "resolved": "https://registry.npmmirror.com/@vueuse/shared/-/shared-10.5.0.tgz",
      "integrity": "sha512-18iyxbbHYLst9MqU1X1QNdMHIjks6wC7XTVf0KNOv5es/Ms6gjVFCAAWTVP2JStuGqydg3DT+ExpFORUEi9yhg==",
      "dev": true,
      "license": "MIT",
      "dependencies": {
        "vue-demi": ">=0.14.6"
      },
      "funding": {
        "url": "https://github.com/sponsors/antfu"
      }
    },
    "node_modules/algoliasearch": {
      "version": "4.20.0",
      "resolved": "https://registry.npmmirror.com/algoliasearch/-/algoliasearch-4.20.0.tgz",
      "integrity": "sha512-y+UHEjnOItoNy0bYO+WWmLWBlPwDjKHW6mNHrPi0NkuhpQOOEbrkwQH/wgKFDLh7qlKjzoKeiRtlpewDPDG23g==",
      "dev": true,
      "license": "MIT",
      "dependencies": {
        "@algolia/cache-browser-local-storage": "4.20.0",
        "@algolia/cache-common": "4.20.0",
        "@algolia/cache-in-memory": "4.20.0",
        "@algolia/client-account": "4.20.0",
        "@algolia/client-analytics": "4.20.0",
        "@algolia/client-common": "4.20.0",
        "@algolia/client-personalization": "4.20.0",
        "@algolia/client-search": "4.20.0",
        "@algolia/logger-common": "4.20.0",
        "@algolia/logger-console": "4.20.0",
        "@algolia/requester-browser-xhr": "4.20.0",
        "@algolia/requester-common": "4.20.0",
        "@algolia/requester-node-http": "4.20.0",
        "@algolia/transporter": "4.20.0"
      }
    },
    "node_modules/ansi-sequence-parser": {
      "version": "1.1.1",
      "resolved": "https://registry.npmmirror.com/ansi-sequence-parser/-/ansi-sequence-parser-1.1.1.tgz",
      "integrity": "sha512-vJXt3yiaUL4UU546s3rPXlsry/RnM730G1+HkpKE012AN0sx1eOrxSu95oKDIonskeLTijMgqWZ3uDEe3NFvyg==",
      "dev": true,
      "license": "MIT"
    },
    "node_modules/anymatch": {
      "version": "3.1.3",
      "resolved": "https://registry.npmmirror.com/anymatch/-/anymatch-3.1.3.tgz",
      "integrity": "sha512-KMReFUr0B4t+D+OBkjR3KYqvocp2XaSzO55UcB6mgQMd3KbcE+mWTyvVV7D/zsdEbNnV6acZUutkiHQXvTr1Rw==",
      "dev": true,
      "license": "ISC",
      "dependencies": {
        "normalize-path": "^3.0.0",
        "picomatch": "^2.0.4"
      },
      "engines": {
        "node": ">= 8"
      }
    },
    "node_modules/binary-extensions": {
      "version": "2.2.0",
      "resolved": "https://registry.npmmirror.com/binary-extensions/-/binary-extensions-2.2.0.tgz",
      "integrity": "sha512-jDctJ/IVQbZoJykoeHbhXpOlNBqGNcwXJKJog42E5HDPUwQTSdjCHdihjj0DlnheQ7blbT6dHOafNAiS8ooQKA==",
      "dev": true,
      "license": "MIT",
      "engines": {
        "node": ">=8"
      }
    },
    "node_modules/braces": {
      "version": "3.0.2",
      "resolved": "https://registry.npmmirror.com/braces/-/braces-3.0.2.tgz",
      "integrity": "sha512-b8um+L1RzM3WDSzvhm6gIz1yfTbBt6YTlcEKAvsmqCZZFw46z626lVj9j1yEPW33H5H+lBQpZMP1k8l+78Ha0A==",
      "dev": true,
      "license": "MIT",
      "dependencies": {
        "fill-range": "^7.0.1"
      },
      "engines": {
        "node": ">=8"
      }
    },
    "node_modules/chokidar": {
      "version": "3.5.3",
      "resolved": "https://registry.npmmirror.com/chokidar/-/chokidar-3.5.3.tgz",
      "integrity": "sha512-Dr3sfKRP6oTcjf2JmUmFJfeVMvXBdegxB0iVQ5eb2V10uFJUCAS8OByZdVAyVb8xXNz3GjjTgj9kLWsZTqE6kw==",
      "dev": true,
      "funding": [
        {
          "type": "individual",
          "url": "https://paulmillr.com/funding/"
        }
      ],
      "license": "MIT",
      "dependencies": {
        "anymatch": "~3.1.2",
        "braces": "~3.0.2",
        "glob-parent": "~5.1.2",
        "is-binary-path": "~2.1.0",
        "is-glob": "~4.0.1",
        "normalize-path": "~3.0.0",
        "readdirp": "~3.6.0"
      },
      "engines": {
        "node": ">= 8.10.0"
      },
      "optionalDependencies": {
        "fsevents": "~2.3.2"
      }
    },
    "node_modules/csstype": {
      "version": "3.1.2",
      "resolved": "https://registry.npmmirror.com/csstype/-/csstype-3.1.2.tgz",
      "integrity": "sha512-I7K1Uu0MBPzaFKg4nI5Q7Vs2t+3gWWW648spaF+Rg7pI9ds18Ugn+lvg4SHczUdKlHI5LWBXyqfS8+DufyBsgQ==",
      "dev": true,
      "license": "MIT"
    },
    "node_modules/esbuild": {
      "version": "0.18.20",
      "resolved": "https://registry.npmmirror.com/esbuild/-/esbuild-0.18.20.tgz",
      "integrity": "sha512-ceqxoedUrcayh7Y7ZX6NdbbDzGROiyVBgC4PriJThBKSVPWnnFHZAkfI1lJT8QFkOwH4qOS2SJkS4wvpGl8BpA==",
      "dev": true,
      "hasInstallScript": true,
      "license": "MIT",
      "bin": {
        "esbuild": "bin/esbuild"
      },
      "engines": {
        "node": ">=12"
      },
      "optionalDependencies": {
        "@esbuild/android-arm": "0.18.20",
        "@esbuild/android-arm64": "0.18.20",
        "@esbuild/android-x64": "0.18.20",
        "@esbuild/darwin-arm64": "0.18.20",
        "@esbuild/darwin-x64": "0.18.20",
        "@esbuild/freebsd-arm64": "0.18.20",
        "@esbuild/freebsd-x64": "0.18.20",
        "@esbuild/linux-arm": "0.18.20",
        "@esbuild/linux-arm64": "0.18.20",
        "@esbuild/linux-ia32": "0.18.20",
        "@esbuild/linux-loong64": "0.18.20",
        "@esbuild/linux-mips64el": "0.18.20",
        "@esbuild/linux-ppc64": "0.18.20",
        "@esbuild/linux-riscv64": "0.18.20",
        "@esbuild/linux-s390x": "0.18.20",
        "@esbuild/linux-x64": "0.18.20",
        "@esbuild/netbsd-x64": "0.18.20",
        "@esbuild/openbsd-x64": "0.18.20",
        "@esbuild/sunos-x64": "0.18.20",
        "@esbuild/win32-arm64": "0.18.20",
        "@esbuild/win32-ia32": "0.18.20",
        "@esbuild/win32-x64": "0.18.20"
      }
    },
    "node_modules/estree-walker": {
      "version": "2.0.2",
      "resolved": "https://registry.npmmirror.com/estree-walker/-/estree-walker-2.0.2.tgz",
      "integrity": "sha512-Rfkk/Mp/DL7JVje3u18FxFujQlTNR2q6QfMSMB7AvCBx91NGj/ba3kCfza0f6dVDbw7YlRf/nDrn7pQrCCyQ/w==",
      "dev": true,
      "license": "MIT"
    },
    "node_modules/fill-range": {
      "version": "7.0.1",
      "resolved": "https://registry.npmmirror.com/fill-range/-/fill-range-7.0.1.tgz",
      "integrity": "sha512-qOo9F+dMUmC2Lcb4BbVvnKJxTPjCm+RRpe4gDuGrzkL7mEVl/djYSu2OdQ2Pa302N4oqkSg9ir6jaLWJ2USVpQ==",
      "dev": true,
      "license": "MIT",
      "dependencies": {
        "to-regex-range": "^5.0.1"
      },
      "engines": {
        "node": ">=8"
      }
    },
    "node_modules/focus-trap": {
      "version": "7.5.4",
      "resolved": "https://registry.npmmirror.com/focus-trap/-/focus-trap-7.5.4.tgz",
      "integrity": "sha512-N7kHdlgsO/v+iD/dMoJKtsSqs5Dz/dXZVebRgJw23LDk+jMi/974zyiOYDziY2JPp8xivq9BmUGwIJMiuSBi7w==",
      "dev": true,
      "license": "MIT",
      "dependencies": {
        "tabbable": "^6.2.0"
      }
    },
    "node_modules/glob-parent": {
      "version": "5.1.2",
      "resolved": "https://registry.npmmirror.com/glob-parent/-/glob-parent-5.1.2.tgz",
      "integrity": "sha512-AOIgSQCepiJYwP3ARnGx+5VnTu2HBYdzbGP45eLw1vr3zB3vZLeyed1sC9hnbcOc9/SrMyM5RPQrkGz4aS9Zow==",
      "dev": true,
      "license": "ISC",
      "dependencies": {
        "is-glob": "^4.0.1"
      },
      "engines": {
        "node": ">= 6"
      }
    },
    "node_modules/immutable": {
      "version": "4.3.2",
      "resolved": "https://registry.npmmirror.com/immutable/-/immutable-4.3.2.tgz",
      "integrity": "sha512-oGXzbEDem9OOpDWZu88jGiYCvIsLHMvGw+8OXlpsvTFvIQplQbjg1B1cvKg8f7Hoch6+NGjpPsH1Fr+Mc2D1aA==",
      "dev": true,
      "license": "MIT"
    },
    "node_modules/is-binary-path": {
      "version": "2.1.0",
      "resolved": "https://registry.npmmirror.com/is-binary-path/-/is-binary-path-2.1.0.tgz",
      "integrity": "sha512-ZMERYes6pDydyuGidse7OsHxtbI7WVeUEozgR/g7rd0xUimYNlvZRE/K2MgZTjWy725IfelLeVcEM97mmtRGXw==",
      "dev": true,
      "license": "MIT",
      "dependencies": {
        "binary-extensions": "^2.0.0"
      },
      "engines": {
        "node": ">=8"
      }
    },
    "node_modules/is-extglob": {
      "version": "2.1.1",
      "resolved": "https://registry.npmmirror.com/is-extglob/-/is-extglob-2.1.1.tgz",
      "integrity": "sha512-SbKbANkN603Vi4jEZv49LeVJMn4yGwsbzZworEoyEiutsN3nJYdbO36zfhGJ6QEDpOZIFkDtnq5JRxmvl3jsoQ==",
      "dev": true,
      "license": "MIT",
      "engines": {
        "node": ">=0.10.0"
      }
    },
    "node_modules/is-glob": {
      "version": "4.0.3",
      "resolved": "https://registry.npmmirror.com/is-glob/-/is-glob-4.0.3.tgz",
      "integrity": "sha512-xelSayHH36ZgE7ZWhli7pW34hNbNl8Ojv5KVmkJD4hBdD3th8Tfk9vYasLM+mXWOZhFkgZfxhLSnrwRr4elSSg==",
      "dev": true,
      "license": "MIT",
      "dependencies": {
        "is-extglob": "^2.1.1"
      },
      "engines": {
        "node": ">=0.10.0"
      }
    },
    "node_modules/is-number": {
      "version": "7.0.0",
      "resolved": "https://registry.npmmirror.com/is-number/-/is-number-7.0.0.tgz",
      "integrity": "sha512-41Cifkg6e8TylSpdtTpeLVMqvSBEVzTttHvERD741+pnZ8ANv0004MRL43QKPDlK9cGvNp6NZWZUBlbGXYxxng==",
      "dev": true,
      "license": "MIT",
      "engines": {
        "node": ">=0.12.0"
      }
    },
    "node_modules/jsonc-parser": {
      "version": "3.2.0",
      "resolved": "https://registry.npmmirror.com/jsonc-parser/-/jsonc-parser-3.2.0.tgz",
      "integrity": "sha512-gfFQZrcTc8CnKXp6Y4/CBT3fTc0OVuDofpre4aEeEpSBPV5X5v4+Vmx+8snU7RLPrNHPKSgLxGo9YuQzz20o+w==",
      "dev": true,
      "license": "MIT"
    },
    "node_modules/magic-string": {
      "version": "0.30.2",
      "resolved": "https://registry.npmmirror.com/magic-string/-/magic-string-0.30.2.tgz",
      "integrity": "sha512-lNZdu7pewtq/ZvWUp9Wpf/x7WzMTsR26TWV03BRZrXFsv+BI6dy8RAiKgm1uM/kyR0rCfUcqvOlXKG66KhIGug==",
      "dev": true,
      "license": "MIT",
      "dependencies": {
        "@jridgewell/sourcemap-codec": "^1.4.15"
      },
      "engines": {
        "node": ">=12"
      }
    },
    "node_modules/mark.js": {
      "version": "8.11.1",
      "resolved": "https://registry.npmmirror.com/mark.js/-/mark.js-8.11.1.tgz",
      "integrity": "sha512-1I+1qpDt4idfgLQG+BNWmrqku+7/2bi5nLf4YwF8y8zXvmfiTBY3PV3ZibfrjBueCByROpuBjLLFCajqkgYoLQ==",
      "dev": true,
      "license": "MIT"
    },
    "node_modules/medium-zoom": {
      "version": "1.0.8",
      "resolved": "https://registry.npmmirror.com/medium-zoom/-/medium-zoom-1.0.8.tgz",
      "integrity": "sha512-CjFVuFq/IfrdqesAXfg+hzlDKu6A2n80ZIq0Kl9kWjoHh9j1N9Uvk5X0/MmN0hOfm5F9YBswlClhcwnmtwz7gA==",
      "license": "MIT"
    },
    "node_modules/minisearch": {
      "version": "6.1.0",
      "resolved": "https://registry.npmmirror.com/minisearch/-/minisearch-6.1.0.tgz",
      "integrity": "sha512-PNxA/X8pWk+TiqPbsoIYH0GQ5Di7m6326/lwU/S4mlo4wGQddIcf/V//1f9TB0V4j59b57b+HZxt8h3iMROGvg==",
      "dev": true,
      "license": "MIT"
    },
    "node_modules/nanoid": {
      "version": "3.3.6",
      "resolved": "https://registry.npmmirror.com/nanoid/-/nanoid-3.3.6.tgz",
      "integrity": "sha512-BGcqMMJuToF7i1rt+2PWSNVnWIkGCU78jBG3RxO/bZlnZPK2Cmi2QaffxGO/2RvWi9sL+FAiRiXMgsyxQ1DIDA==",
      "dev": true,
      "funding": [
        {
          "type": "github",
          "url": "https://github.com/sponsors/ai"
        }
      ],
      "license": "MIT",
      "bin": {
        "nanoid": "bin/nanoid.cjs"
      },
      "engines": {
        "node": "^10 || ^12 || ^13.7 || ^14 || >=15.0.1"
      }
    },
    "node_modules/normalize-path": {
      "version": "3.0.0",
      "resolved": "https://registry.npmmirror.com/normalize-path/-/normalize-path-3.0.0.tgz",
      "integrity": "sha512-6eZs5Ls3WtCisHWp9S2GUy8dqkpGi4BVSz3GaqiE6ezub0512ESztXUwUB6C6IKbQkY2Pnb/mD4WYojCRwcwLA==",
      "dev": true,
      "license": "MIT",
      "engines": {
        "node": ">=0.10.0"
      }
    },
    "node_modules/picocolors": {
      "version": "1.0.0",
      "resolved": "https://registry.npmmirror.com/picocolors/-/picocolors-1.0.0.tgz",
      "integrity": "sha512-1fygroTLlHu66zi26VoTDv8yRgm0Fccecssto+MhsZ0D/DGW2sm8E8AjW7NU5VVTRt5GxbeZ5qBuJr+HyLYkjQ==",
      "dev": true,
      "license": "ISC"
    },
    "node_modules/picomatch": {
      "version": "2.3.1",
      "resolved": "https://registry.npmmirror.com/picomatch/-/picomatch-2.3.1.tgz",
      "integrity": "sha512-JU3teHTNjmE2VCGFzuY8EXzCDVwEqB2a8fsIvwaStHhAWJEeVd1o1QD80CU6+ZdEXXSLbSsuLwJjkCBWqRQUVA==",
      "dev": true,
      "license": "MIT",
      "engines": {
        "node": ">=8.6"
      },
      "funding": {
        "url": "https://github.com/sponsors/jonschlinkert"
      }
    },
    "node_modules/postcss": {
      "version": "8.4.31",
      "resolved": "https://registry.npmmirror.com/postcss/-/postcss-8.4.31.tgz",
      "integrity": "sha512-PS08Iboia9mts/2ygV3eLpY5ghnUcfLV/EXTOW1E2qYxJKGGBUtNjN76FYHnMs36RmARn41bC0AZmn+rR0OVpQ==",
      "dev": true,
      "dependencies": {
        "nanoid": "^3.3.6",
        "picocolors": "^1.0.0",
        "source-map-js": "^1.0.2"
      },
      "engines": {
        "node": "^10 || ^12 || >=14"
      }
    },
    "node_modules/preact": {
      "version": "10.16.0",
      "resolved": "https://registry.npmmirror.com/preact/-/preact-10.16.0.tgz",
      "integrity": "sha512-XTSj3dJ4roKIC93pald6rWuB2qQJO9gO2iLLyTe87MrjQN+HklueLsmskbywEWqCHlclgz3/M4YLL2iBr9UmMA==",
      "dev": true,
      "license": "MIT",
      "funding": {
        "type": "opencollective",
        "url": "https://opencollective.com/preact"
      }
    },
    "node_modules/readdirp": {
      "version": "3.6.0",
      "resolved": "https://registry.npmmirror.com/readdirp/-/readdirp-3.6.0.tgz",
      "integrity": "sha512-hOS089on8RduqdbhvQ5Z37A0ESjsqz6qnRcffsMU3495FuTdqSm+7bhJ29JvIOsBDEEnan5DPu9t3To9VRlMzA==",
      "dev": true,
      "license": "MIT",
      "dependencies": {
        "picomatch": "^2.2.1"
      },
      "engines": {
        "node": ">=8.10.0"
      }
    },
    "node_modules/rollup": {
      "version": "3.28.0",
      "resolved": "https://registry.npmmirror.com/rollup/-/rollup-3.28.0.tgz",
      "integrity": "sha512-d7zhvo1OUY2SXSM6pfNjgD5+d0Nz87CUp4mt8l/GgVP3oBsPwzNvSzyu1me6BSG9JIgWNTVcafIXBIyM8yQ3yw==",
      "dev": true,
      "license": "MIT",
      "bin": {
        "rollup": "dist/bin/rollup"
      },
      "engines": {
        "node": ">=14.18.0",
        "npm": ">=8.0.0"
      },
      "optionalDependencies": {
        "fsevents": "~2.3.2"
      }
    },
    "node_modules/sass": {
      "version": "1.69.4",
      "resolved": "https://registry.npmmirror.com/sass/-/sass-1.69.4.tgz",
      "integrity": "sha512-+qEreVhqAy8o++aQfCJwp0sklr2xyEzkm9Pp/Igu9wNPoe7EZEQ8X/MBvvXggI2ql607cxKg/RKOwDj6pp2XDA==",
      "dev": true,
      "license": "MIT",
      "dependencies": {
        "chokidar": ">=3.0.0 <4.0.0",
        "immutable": "^4.0.0",
        "source-map-js": ">=0.6.2 <2.0.0"
      },
      "bin": {
        "sass": "sass.js"
      },
      "engines": {
        "node": ">=14.0.0"
      }
    },
    "node_modules/search-insights": {
      "version": "2.9.0",
      "resolved": "https://registry.npmmirror.com/search-insights/-/search-insights-2.9.0.tgz",
      "integrity": "sha512-bkWW9nIHOFkLwjQ1xqVaMbjjO5vhP26ERsH9Y3pKr8imthofEFIxlnOabkmGcw6ksRj9jWidcI65vvjJH/nTGg==",
      "dev": true,
      "peer": true
    },
    "node_modules/shiki": {
      "version": "0.14.5",
      "resolved": "https://registry.npmmirror.com/shiki/-/shiki-0.14.5.tgz",
      "integrity": "sha512-1gCAYOcmCFONmErGTrS1fjzJLA7MGZmKzrBNX7apqSwhyITJg2O102uFzXUeBxNnEkDA9vHIKLyeKq0V083vIw==",
      "dev": true,
      "license": "MIT",
      "dependencies": {
        "ansi-sequence-parser": "^1.1.0",
        "jsonc-parser": "^3.2.0",
        "vscode-oniguruma": "^1.7.0",
        "vscode-textmate": "^8.0.0"
      }
    },
    "node_modules/source-map-js": {
      "version": "1.0.2",
      "resolved": "https://registry.npmmirror.com/source-map-js/-/source-map-js-1.0.2.tgz",
      "integrity": "sha512-R0XvVJ9WusLiqTCEiGCmICCMplcCkIwwR11mOSD9CR5u+IXYdiseeEuXCVAjS54zqwkLcPNnmU4OeJ6tUrWhDw==",
      "dev": true,
      "license": "BSD-3-Clause",
      "engines": {
        "node": ">=0.10.0"
      }
    },
    "node_modules/tabbable": {
      "version": "6.2.0",
      "resolved": "https://registry.npmmirror.com/tabbable/-/tabbable-6.2.0.tgz",
      "integrity": "sha512-Cat63mxsVJlzYvN51JmVXIgNoUokrIaT2zLclCXjRd8boZ0004U4KCs/sToJ75C6sdlByWxpYnb5Boif1VSFew==",
      "dev": true,
      "license": "MIT"
    },
    "node_modules/to-regex-range": {
      "version": "5.0.1",
      "resolved": "https://registry.npmmirror.com/to-regex-range/-/to-regex-range-5.0.1.tgz",
      "integrity": "sha512-65P7iz6X5yEr1cwcgvQxbbIw7Uk3gOy5dIdtZ4rDveLqhrdJP+Li/Hx6tyK0NEb+2GCyneCMJiGqrADCSNk8sQ==",
      "dev": true,
      "license": "MIT",
      "dependencies": {
        "is-number": "^7.0.0"
      },
      "engines": {
        "node": ">=8.0"
      }
    },
    "node_modules/undici-types": {
      "version": "5.25.3",
      "resolved": "https://registry.npmmirror.com/undici-types/-/undici-types-5.25.3.tgz",
      "integrity": "sha512-Ga1jfYwRn7+cP9v8auvEXN1rX3sWqlayd4HP7OKk4mZWylEmu3KzXDUGrQUN6Ol7qo1gPvB2e5gX6udnyEPgdA==",
      "dev": true,
      "license": "MIT"
    },
    "node_modules/vite": {
      "version": "4.5.0",
      "resolved": "https://registry.npmmirror.com/vite/-/vite-4.5.0.tgz",
      "integrity": "sha512-ulr8rNLA6rkyFAlVWw2q5YJ91v098AFQ2R0PRFwPzREXOUJQPtFUG0t+/ZikhaOCDqFoDhN6/v8Sq0o4araFAw==",
      "dev": true,
      "license": "MIT",
      "dependencies": {
        "esbuild": "^0.18.10",
        "postcss": "^8.4.27",
        "rollup": "^3.27.1"
      },
      "bin": {
        "vite": "bin/vite.js"
      },
      "engines": {
        "node": "^14.18.0 || >=16.0.0"
      },
      "funding": {
        "url": "https://github.com/vitejs/vite?sponsor=1"
      },
      "optionalDependencies": {
        "fsevents": "~2.3.2"
      },
      "peerDependencies": {
        "@types/node": ">= 14",
        "less": "*",
        "lightningcss": "^1.21.0",
        "sass": "*",
        "stylus": "*",
        "sugarss": "*",
        "terser": "^5.4.0"
      },
      "peerDependenciesMeta": {
        "@types/node": {
          "optional": true
        },
        "less": {
          "optional": true
        },
        "lightningcss": {
          "optional": true
        },
        "sass": {
          "optional": true
        },
        "stylus": {
          "optional": true
        },
        "sugarss": {
          "optional": true
        },
        "terser": {
          "optional": true
        }
      }
    },
    "node_modules/vitepress": {
      "version": "1.0.0-rc.22",
      "resolved": "https://registry.npmmirror.com/vitepress/-/vitepress-1.0.0-rc.22.tgz",
      "integrity": "sha512-n7le5iikCFgWMuX7sKfzDGJGlrsYQ5trG3S97BghNz2alOTr4Xp+GrB6ShwogUTX9gNgeNmrACjokhW55LNeBA==",
      "dev": true,
      "license": "MIT",
      "dependencies": {
        "@docsearch/css": "^3.5.2",
        "@docsearch/js": "^3.5.2",
        "@types/markdown-it": "^13.0.2",
        "@vue/devtools-api": "^6.5.1",
        "@vueuse/core": "^10.5.0",
        "@vueuse/integrations": "^10.5.0",
        "focus-trap": "^7.5.4",
        "mark.js": "8.11.1",
        "minisearch": "^6.1.0",
        "shiki": "^0.14.5",
        "vite": "^4.4.11",
        "vue": "^3.3.4"
      },
      "bin": {
        "vitepress": "bin/vitepress.js"
      },
      "peerDependencies": {
        "markdown-it-mathjax3": "^4.3.2",
        "postcss": "^8.4.31"
      },
      "peerDependenciesMeta": {
        "markdown-it-mathjax3": {
          "optional": true
        },
        "postcss": {
          "optional": true
        }
      }
    },
    "node_modules/vscode-oniguruma": {
      "version": "1.7.0",
      "resolved": "https://registry.npmmirror.com/vscode-oniguruma/-/vscode-oniguruma-1.7.0.tgz",
      "integrity": "sha512-L9WMGRfrjOhgHSdOYgCt/yRMsXzLDJSL7BPrOZt73gU0iWO4mpqzqQzOz5srxqTvMBaR0XZTSrVWo4j55Rc6cA==",
      "dev": true,
      "license": "MIT"
    },
    "node_modules/vscode-textmate": {
      "version": "8.0.0",
      "resolved": "https://registry.npmmirror.com/vscode-textmate/-/vscode-textmate-8.0.0.tgz",
      "integrity": "sha512-AFbieoL7a5LMqcnOF04ji+rpXadgOXnZsxQr//r83kLPr7biP7am3g9zbaZIaBGwBRWeSvoMD4mgPdX3e4NWBg==",
      "dev": true,
      "license": "MIT"
    },
    "node_modules/vue": {
      "version": "3.3.4",
      "resolved": "https://registry.npmmirror.com/vue/-/vue-3.3.4.tgz",
      "integrity": "sha512-VTyEYn3yvIeY1Py0WaYGZsXnz3y5UnGi62GjVEqvEGPl6nxbOrCXbVOTQWBEJUqAyTUk2uJ5JLVnYJ6ZzGbrSw==",
      "dev": true,
      "license": "MIT",
      "dependencies": {
        "@vue/compiler-dom": "3.3.4",
        "@vue/compiler-sfc": "3.3.4",
        "@vue/runtime-dom": "3.3.4",
        "@vue/server-renderer": "3.3.4",
        "@vue/shared": "3.3.4"
      }
    },
    "node_modules/vue-demi": {
      "version": "0.14.6",
      "resolved": "https://registry.npmmirror.com/vue-demi/-/vue-demi-0.14.6.tgz",
      "integrity": "sha512-8QA7wrYSHKaYgUxDA5ZC24w+eHm3sYCbp0EzcDwKqN3p6HqtTCGR/GVsPyZW92unff4UlcSh++lmqDWN3ZIq4w==",
      "dev": true,
      "hasInstallScript": true,
      "license": "MIT",
      "bin": {
        "vue-demi-fix": "bin/vue-demi-fix.js",
        "vue-demi-switch": "bin/vue-demi-switch.js"
      },
      "engines": {
        "node": ">=12"
      },
      "funding": {
        "url": "https://github.com/sponsors/antfu"
      },
      "peerDependencies": {
        "@vue/composition-api": "^1.0.0-rc.1",
        "vue": "^3.0.0-0 || ^2.6.0"
      },
      "peerDependenciesMeta": {
        "@vue/composition-api": {
          "optional": true
        }
      }
    }
  }
}
